{
  "name": "keyword-research-publisher",
  "lockfileVersion": 3,
  "requires": true,
  "packages": {
    "": {
      "dependencies": {
        "google-trends-now": "1.1.1"
      }
    },
    "node_modules/google-trends-now": {
      "version": "1.1.1",
      "resolved": "https://registry.npmjs.org/google-trends-now/-/google-trends-now-1.1.1.tgz",
      "integrity": "sha512-CIFiYI5Xo9IjBBgFHiPV6JAUOI3GrktkeM4CLeJik4L2IKuQ59GKWxN9WhJ/1EWLLmrYGzWr5xNUBkIowcoQCg==",
      "engines": {
        "node": ">=22"
      }
    }
  }
}
